{
  "name": "meancreator",
  "version": "1.0.0",
  "lockfileVersion": 2,
  "requires": true,
  "packages": {
    "": {
      "name": "meancreator",
      "version": "1.0.0",
      "license": "ISC",
      "dependencies": {
        "meancreator": "^1.0.0"
      }
    },
    "node_modules/meancreator": {
      "version": "1.0.0",
      "resolved": "https://registry.npmjs.org/meancreator/-/meancreator-1.0.0.tgz",
      "integrity": "sha512-94F4QA2fDeuh0NTTc4bMRypDTLF6HYRnDF9T9XUrlSFi/wd9mHq5y+UbqKQtqIuAuDqjd0EgcASuHiBWATR94Q=="
    }
  },
  "dependencies": {
    "meancreator": {
      "version": "1.0.0",
      "resolved": "https://registry.npmjs.org/meancreator/-/meancreator-1.0.0.tgz",
      "integrity": "sha512-94F4QA2fDeuh0NTTc4bMRypDTLF6HYRnDF9T9XUrlSFi/wd9mHq5y+UbqKQtqIuAuDqjd0EgcASuHiBWATR94Q=="
    }
  }
}
